
Microsoft Visual Studio Solution File, Format Version 12.00
# Visual Studio 15
VisualStudioVersion = 15.0.27004.2006
MinimumVisualStudioVersion = 10.0.40219.1
Project("{FAE04EC0-301F-11D3-BF4B-00C04F79EFBC}") = "AlienAndPassword", "AlienAndPassword\AlienAndPassword.csproj", "{73A2CBDA-4403-45DF-BB33-DAA4EA979CE6}"
EndProject
Global
	GlobalSection(SolutionConfigurationPlatforms) = preSolution
		Debug|Any CPU = Debug|Any CPU
		Release|Any CPU = Release|Any CPU
	EndGlobalSection
	GlobalSection(ProjectConfigurationPlatforms) = postSolution
		{73A2CBDA-4403-45DF-BB33-DAA4EA979CE6}.Debug|Any CPU.ActiveCfg = Debug|Any CPU
		{73A2CBDA-4403-45DF-BB33-DAA4EA979CE6}.Debug|Any CPU.Build.0 = Debug|Any CPU
		{73A2CBDA-4403-45DF-BB33-DAA4EA979CE6}.Release|Any CPU.ActiveCfg = Release|Any CPU
		{73A2CBDA-4403-45DF-BB33-DAA4EA979CE6}.Release|Any CPU.Build.0 = Release|Any CPU
	EndGlobalSection
	GlobalSection(SolutionProperties) = preSolution
		HideSolutionNode = FALSE
	EndGlobalSection
	GlobalSection(ExtensibilityGlobals) = postSolution
		SolutionGuid = {0A201BD9-B96E-4094-9C74-4E448A097C48}
	EndGlobalSection
EndGlobal
