
Microsoft Visual Studio Solution File, Format Version 12.00
# Visual Studio 15
VisualStudioVersion = 15.0.27004.2006
MinimumVisualStudioVersion = 10.0.40219.1
Project("{FAE04EC0-301F-11D3-BF4B-00C04F79EFBC}") = "DemoCreandoClases", "DemoCreandoClases\DemoCreandoClases.csproj", "{F9F6D13D-4C07-40C7-A63B-7C379E8F3908}"
EndProject
Global
	GlobalSection(SolutionConfigurationPlatforms) = preSolution
		Debug|Any CPU = Debug|Any CPU
		Release|Any CPU = Release|Any CPU
	EndGlobalSection
	GlobalSection(ProjectConfigurationPlatforms) = postSolution
		{F9F6D13D-4C07-40C7-A63B-7C379E8F3908}.Debug|Any CPU.ActiveCfg = Debug|Any CPU
		{F9F6D13D-4C07-40C7-A63B-7C379E8F3908}.Debug|Any CPU.Build.0 = Debug|Any CPU
		{F9F6D13D-4C07-40C7-A63B-7C379E8F3908}.Release|Any CPU.ActiveCfg = Release|Any CPU
		{F9F6D13D-4C07-40C7-A63B-7C379E8F3908}.Release|Any CPU.Build.0 = Release|Any CPU
	EndGlobalSection
	GlobalSection(SolutionProperties) = preSolution
		HideSolutionNode = FALSE
	EndGlobalSection
	GlobalSection(ExtensibilityGlobals) = postSolution
		SolutionGuid = {B93BD4B4-F593-4C40-A370-24B6EF0787CE}
	EndGlobalSection
EndGlobal
